
Microsoft Visual Studio Solution File, Format Version 12.00
# Visual Studio Version 17
VisualStudioVersion = 17.3.32901.215
MinimumVisualStudioVersion = 10.0.40219.1
Project("{FAE04EC0-301F-11D3-BF4B-00C04F79EFBC}") = "TechProgLab2", "TechProgLab2\TechProgLab2.csproj", "{EEF34EC1-D179-4424-A161-349BFEA096F3}"
EndProject
Global
	GlobalSection(SolutionConfigurationPlatforms) = preSolution
		Debug|Any CPU = Debug|Any CPU
		Release|Any CPU = Release|Any CPU
	EndGlobalSection
	GlobalSection(ProjectConfigurationPlatforms) = postSolution
		{EEF34EC1-D179-4424-A161-349BFEA096F3}.Debug|Any CPU.ActiveCfg = Debug|Any CPU
		{EEF34EC1-D179-4424-A161-349BFEA096F3}.Debug|Any CPU.Build.0 = Debug|Any CPU
		{EEF34EC1-D179-4424-A161-349BFEA096F3}.Release|Any CPU.ActiveCfg = Release|Any CPU
		{EEF34EC1-D179-4424-A161-349BFEA096F3}.Release|Any CPU.Build.0 = Release|Any CPU
	EndGlobalSection
	GlobalSection(SolutionProperties) = preSolution
		HideSolutionNode = FALSE
	EndGlobalSection
	GlobalSection(ExtensibilityGlobals) = postSolution
		SolutionGuid = {9028C564-3D79-45A8-9401-9EF2B2485A87}
	EndGlobalSection
EndGlobal
